
Microsoft Visual Studio Solution File, Format Version 12.00
# Visual Studio Version 17
VisualStudioVersion = 17.5.002.0
MinimumVisualStudioVersion = 10.0.40219.1
Project("{9A19103F-16F7-4668-BE54-9A1E7A4F7556}") = "TattooLab", "TattooLab.csproj", "{84912FD5-1ABF-4065-8290-174AB18C071F}"
EndProject
Global
	GlobalSection(SolutionConfigurationPlatforms) = preSolution
		Debug|Any CPU = Debug|Any CPU
		Release|Any CPU = Release|Any CPU
	EndGlobalSection
	GlobalSection(ProjectConfigurationPlatforms) = postSolution
		{84912FD5-1ABF-4065-8290-174AB18C071F}.Debug|Any CPU.ActiveCfg = Debug|Any CPU
		{84912FD5-1ABF-4065-8290-174AB18C071F}.Debug|Any CPU.Build.0 = Debug|Any CPU
		{84912FD5-1ABF-4065-8290-174AB18C071F}.Release|Any CPU.ActiveCfg = Release|Any CPU
		{84912FD5-1ABF-4065-8290-174AB18C071F}.Release|Any CPU.Build.0 = Release|Any CPU
	EndGlobalSection
	GlobalSection(SolutionProperties) = preSolution
		HideSolutionNode = FALSE
	EndGlobalSection
	GlobalSection(ExtensibilityGlobals) = postSolution
		SolutionGuid = {A2F3FD1A-D249-4DE2-BF33-4ADEEF6F0D76}
	EndGlobalSection
EndGlobal
